
Microsoft Visual Studio Solution File, Format Version 12.00
# Visual Studio Version 16
VisualStudioVersion = 16.0.29519.181
MinimumVisualStudioVersion = 10.0.40219.1
Project("{FAE04EC0-301F-11D3-BF4B-00C04F79EFBC}") = "SIFFS View", "SISTEMA EXAMEN\SIFFS View.csproj", "{79D900C6-572F-4790-8207-BBD69CD2590A}"
EndProject
Project("{FAE04EC0-301F-11D3-BF4B-00C04F79EFBC}") = "Domain", "Domain\Domain.csproj", "{F100CCF0-9BAC-4A3F-AAFB-4A85EDCB59F5}"
EndProject
Project("{FAE04EC0-301F-11D3-BF4B-00C04F79EFBC}") = "DataAccess", "DataAccess\DataAccess.csproj", "{A4A1B10B-4731-4CA4-A422-9E0CDECDAF24}"
EndProject
Project("{FAE04EC0-301F-11D3-BF4B-00C04F79EFBC}") = "Common", "Common\Common.csproj", "{A5DDB346-7EA5-4256-8DC4-94041BC8912A}"
EndProject
Global
	GlobalSection(SolutionConfigurationPlatforms) = preSolution
		Debug|Any CPU = Debug|Any CPU
		Release|Any CPU = Release|Any CPU
	EndGlobalSection
	GlobalSection(ProjectConfigurationPlatforms) = postSolution
		{79D900C6-572F-4790-8207-BBD69CD2590A}.Debug|Any CPU.ActiveCfg = Debug|Any CPU
		{79D900C6-572F-4790-8207-BBD69CD2590A}.Debug|Any CPU.Build.0 = Debug|Any CPU
		{79D900C6-572F-4790-8207-BBD69CD2590A}.Release|Any CPU.ActiveCfg = Release|Any CPU
		{79D900C6-572F-4790-8207-BBD69CD2590A}.Release|Any CPU.Build.0 = Release|Any CPU
		{F100CCF0-9BAC-4A3F-AAFB-4A85EDCB59F5}.Debug|Any CPU.ActiveCfg = Debug|Any CPU
		{F100CCF0-9BAC-4A3F-AAFB-4A85EDCB59F5}.Debug|Any CPU.Build.0 = Debug|Any CPU
		{F100CCF0-9BAC-4A3F-AAFB-4A85EDCB59F5}.Release|Any CPU.ActiveCfg = Release|Any CPU
		{F100CCF0-9BAC-4A3F-AAFB-4A85EDCB59F5}.Release|Any CPU.Build.0 = Release|Any CPU
		{A4A1B10B-4731-4CA4-A422-9E0CDECDAF24}.Debug|Any CPU.ActiveCfg = Debug|Any CPU
		{A4A1B10B-4731-4CA4-A422-9E0CDECDAF24}.Debug|Any CPU.Build.0 = Debug|Any CPU
		{A4A1B10B-4731-4CA4-A422-9E0CDECDAF24}.Release|Any CPU.ActiveCfg = Release|Any CPU
		{A4A1B10B-4731-4CA4-A422-9E0CDECDAF24}.Release|Any CPU.Build.0 = Release|Any CPU
		{A5DDB346-7EA5-4256-8DC4-94041BC8912A}.Debug|Any CPU.ActiveCfg = Debug|Any CPU
		{A5DDB346-7EA5-4256-8DC4-94041BC8912A}.Debug|Any CPU.Build.0 = Debug|Any CPU
		{A5DDB346-7EA5-4256-8DC4-94041BC8912A}.Release|Any CPU.ActiveCfg = Release|Any CPU
		{A5DDB346-7EA5-4256-8DC4-94041BC8912A}.Release|Any CPU.Build.0 = Release|Any CPU
	EndGlobalSection
	GlobalSection(SolutionProperties) = preSolution
		HideSolutionNode = FALSE
	EndGlobalSection
	GlobalSection(ExtensibilityGlobals) = postSolution
		SolutionGuid = {4438CD2D-A892-4F12-95F0-EA881AAB8287}
	EndGlobalSection
EndGlobal
